
Microsoft Visual Studio Solution File, Format Version 12.00
# Visual Studio 15
VisualStudioVersion = 15.0.27130.2010
MinimumVisualStudioVersion = 10.0.40219.1
Project("{FAE04EC0-301F-11D3-BF4B-00C04F79EFBC}") = "EnumHomeWork", "EnumHomeWork\EnumHomeWork.csproj", "{CF0136A6-FDC2-45AC-AC7F-4BB4D6B51741}"
EndProject
Global
	GlobalSection(SolutionConfigurationPlatforms) = preSolution
		Debug|Any CPU = Debug|Any CPU
		Release|Any CPU = Release|Any CPU
	EndGlobalSection
	GlobalSection(ProjectConfigurationPlatforms) = postSolution
		{CF0136A6-FDC2-45AC-AC7F-4BB4D6B51741}.Debug|Any CPU.ActiveCfg = Debug|Any CPU
		{CF0136A6-FDC2-45AC-AC7F-4BB4D6B51741}.Debug|Any CPU.Build.0 = Debug|Any CPU
		{CF0136A6-FDC2-45AC-AC7F-4BB4D6B51741}.Release|Any CPU.ActiveCfg = Release|Any CPU
		{CF0136A6-FDC2-45AC-AC7F-4BB4D6B51741}.Release|Any CPU.Build.0 = Release|Any CPU
	EndGlobalSection
	GlobalSection(SolutionProperties) = preSolution
		HideSolutionNode = FALSE
	EndGlobalSection
	GlobalSection(ExtensibilityGlobals) = postSolution
		SolutionGuid = {91E73327-0460-4A86-ADAF-09831E5423CB}
	EndGlobalSection
EndGlobal
